{
  "name": "examples",
  "version": "1.0.0",
  "lockfileVersion": 2,
  "requires": true,
  "packages": {
    "": {
      "name": "examples",
      "version": "1.0.0",
      "license": "ISC",
      "dependencies": {
        "dotenv": "^16.0.1"
      },
      "devDependencies": {
        "tsx": "^3.8.2",
        "typescript": "^4.7.4"
      }
    },
    "..": {
      "name": "@prephouse/utils",
      "version": "1.0.0",
      "extraneous": true,
      "license": "ISC",
      "dependencies": {
        "dotenv": "^16.0.1",
        "env-schema": "^5.0.0",
        "lodash": "^4.17.21",
        "mongoose": "^6.5.2",
        "zod": "^3.18.0"
      },
      "devDependencies": {
        "@commitlint/cli": "^17.0.3",
        "@commitlint/config-conventional": "^17.0.3",
        "@types/lodash": "^4.14.183",
        "husky": "^8.0.0"
      }
    },
    "node_modules/@esbuild-kit/cjs-loader": {
      "version": "2.3.3",
      "resolved": "https://registry.npmjs.org/@esbuild-kit/cjs-loader/-/cjs-loader-2.3.3.tgz",
      "integrity": "sha512-Rt4O1mXlPEDVxvjsHLgbtHVdUXYK9C1/6ThpQnt7FaXIjUOsI6qhHYMgALhNnlIMZffag44lXd6Dqgx3xALbpQ==",
      "dev": true,
      "license": "MIT",
      "dependencies": {
        "@esbuild-kit/core-utils": "^2.1.0",
        "get-tsconfig": "^4.1.0"
      }
    },
    "node_modules/@esbuild-kit/core-utils": {
      "version": "2.2.0",
      "resolved": "https://registry.npmjs.org/@esbuild-kit/core-utils/-/core-utils-2.2.0.tgz",
      "integrity": "sha512-RsVE6OT7yINJ27+daxemksMJFR+jdTEATivyomEXUxMsRmQMD1e99ogf1hifxVmdrnyLmvmfR4iAhXw/HMbRvQ==",
      "dev": true,
      "license": "MIT",
      "dependencies": {
        "esbuild": "~0.15.4",
        "source-map-support": "^0.5.21"
      }
    },
    "node_modules/@esbuild-kit/esm-loader": {
      "version": "2.4.2",
      "resolved": "https://registry.npmjs.org/@esbuild-kit/esm-loader/-/esm-loader-2.4.2.tgz",
      "integrity": "sha512-N9dPKAj8WOx6djVnStgILWXip4fjDcBk9L7azO0/uQDpu8Ee0eaL78mkN4Acid9BzvNAKWwdYXFJZnsVahNEew==",
      "dev": true,
      "license": "MIT",
      "dependencies": {
        "@esbuild-kit/core-utils": "^2.1.0",
        "get-tsconfig": "^4.1.0"
      }
    },
    "node_modules/buffer-from": {
      "version": "1.1.2",
      "resolved": "https://registry.npmjs.org/buffer-from/-/buffer-from-1.1.2.tgz",
      "integrity": "sha512-E+XQCRwSbaaiChtv6k6Dwgc+bx+Bs6vuKJHHl5kox/BaKbhiXzqQOwK4cO22yElGp2OCmjwVhT3HmxgyPGnJfQ==",
      "dev": true,
      "license": "MIT"
    },
    "node_modules/dotenv": {
      "version": "16.0.1",
      "resolved": "https://registry.npmjs.org/dotenv/-/dotenv-16.0.1.tgz",
      "integrity": "sha512-1K6hR6wtk2FviQ4kEiSjFiH5rpzEVi8WW0x96aztHVMhEspNpc4DVOUTEHtEva5VThQ8IaBX1Pe4gSzpVVUsKQ==",
      "license": "BSD-2-Clause",
      "engines": {
        "node": ">=12"
      }
    },
    "node_modules/esbuild": {
      "version": "0.15.5",
      "resolved": "https://registry.npmjs.org/esbuild/-/esbuild-0.15.5.tgz",
      "integrity": "sha512-VSf6S1QVqvxfIsSKb3UKr3VhUCis7wgDbtF4Vd9z84UJr05/Sp2fRKmzC+CSPG/dNAPPJZ0BTBLTT1Fhd6N9Gg==",
      "dev": true,
      "hasInstallScript": true,
      "license": "MIT",
      "bin": {
        "esbuild": "bin/esbuild"
      },
      "engines": {
        "node": ">=12"
      },
      "optionalDependencies": {
        "@esbuild/linux-loong64": "0.15.5",
        "esbuild-android-64": "0.15.5",
        "esbuild-android-arm64": "0.15.5",
        "esbuild-darwin-64": "0.15.5",
        "esbuild-darwin-arm64": "0.15.5",
        "esbuild-freebsd-64": "0.15.5",
        "esbuild-freebsd-arm64": "0.15.5",
        "esbuild-linux-32": "0.15.5",
        "esbuild-linux-64": "0.15.5",
        "esbuild-linux-arm": "0.15.5",
        "esbuild-linux-arm64": "0.15.5",
        "esbuild-linux-mips64le": "0.15.5",
        "esbuild-linux-ppc64le": "0.15.5",
        "esbuild-linux-riscv64": "0.15.5",
        "esbuild-linux-s390x": "0.15.5",
        "esbuild-netbsd-64": "0.15.5",
        "esbuild-openbsd-64": "0.15.5",
        "esbuild-sunos-64": "0.15.5",
        "esbuild-windows-32": "0.15.5",
        "esbuild-windows-64": "0.15.5",
        "esbuild-windows-arm64": "0.15.5"
      }
    },
    "node_modules/esbuild-windows-64": {
      "version": "0.15.5",
      "resolved": "https://registry.npmjs.org/esbuild-windows-64/-/esbuild-windows-64-0.15.5.tgz",
      "integrity": "sha512-v+PjvNtSASHOjPDMIai9Yi+aP+Vwox+3WVdg2JB8N9aivJ7lyhp4NVU+J0MV2OkWFPnVO8AE/7xH+72ibUUEnw==",
      "cpu": [
        "x64"
      ],
      "dev": true,
      "license": "MIT",
      "optional": true,
      "os": [
        "win32"
      ],
      "engines": {
        "node": ">=12"
      }
    },
    "node_modules/get-tsconfig": {
      "version": "4.2.0",
      "resolved": "https://registry.npmjs.org/get-tsconfig/-/get-tsconfig-4.2.0.tgz",
      "integrity": "sha512-X8u8fREiYOE6S8hLbq99PeykTDoLVnxvF4DjWKJmz9xy2nNRdUcV8ZN9tniJFeKyTU3qnC9lL8n4Chd6LmVKHg==",
      "dev": true,
      "license": "MIT",
      "funding": {
        "url": "https://github.com/privatenumber/get-tsconfig?sponsor=1"
      }
    },
    "node_modules/source-map": {
      "version": "0.6.1",
      "resolved": "https://registry.npmjs.org/source-map/-/source-map-0.6.1.tgz",
      "integrity": "sha512-UjgapumWlbMhkBgzT7Ykc5YXUT46F0iKu8SGXq0bcwP5dz/h0Plj6enJqjz1Zbq2l5WaqYnrVbwWOWMyF3F47g==",
      "dev": true,
      "license": "BSD-3-Clause",
      "engines": {
        "node": ">=0.10.0"
      }
    },
    "node_modules/source-map-support": {
      "version": "0.5.21",
      "resolved": "https://registry.npmjs.org/source-map-support/-/source-map-support-0.5.21.tgz",
      "integrity": "sha512-uBHU3L3czsIyYXKX88fdrGovxdSCoTGDRZ6SYXtSRxLZUzHg5P/66Ht6uoUlHu9EZod+inXhKo3qQgwXUT/y1w==",
      "dev": true,
      "license": "MIT",
      "dependencies": {
        "buffer-from": "^1.0.0",
        "source-map": "^0.6.0"
      }
    },
    "node_modules/tsx": {
      "version": "3.8.2",
      "resolved": "https://registry.npmjs.org/tsx/-/tsx-3.8.2.tgz",
      "integrity": "sha512-Jf9izq3Youry5aEarspf6Gm+v/IE2A2xP7YVhtNH1VSCpM0jjACg7C3oD5rIoLBfXWGJSZj4KKC2bwE0TgLb2Q==",
      "dev": true,
      "license": "MIT",
      "dependencies": {
        "@esbuild-kit/cjs-loader": "^2.3.3",
        "@esbuild-kit/core-utils": "^2.1.0",
        "@esbuild-kit/esm-loader": "^2.4.2"
      },
      "bin": {
        "tsx": "dist/cli.js"
      },
      "optionalDependencies": {
        "fsevents": "~2.3.2"
      }
    },
    "node_modules/typescript": {
      "version": "4.7.4",
      "resolved": "https://registry.npmjs.org/typescript/-/typescript-4.7.4.tgz",
      "integrity": "sha512-C0WQT0gezHuw6AdY1M2jxUO83Rjf0HP7Sk1DtXj6j1EwkQNZrHAg2XPWlq62oqEhYvONq5pkC2Y9oPljWToLmQ==",
      "dev": true,
      "license": "Apache-2.0",
      "bin": {
        "tsc": "bin/tsc",
        "tsserver": "bin/tsserver"
      },
      "engines": {
        "node": ">=4.2.0"
      }
    }
  },
  "dependencies": {
    "@esbuild-kit/cjs-loader": {
      "version": "2.3.3",
      "resolved": "https://registry.npmjs.org/@esbuild-kit/cjs-loader/-/cjs-loader-2.3.3.tgz",
      "integrity": "sha512-Rt4O1mXlPEDVxvjsHLgbtHVdUXYK9C1/6ThpQnt7FaXIjUOsI6qhHYMgALhNnlIMZffag44lXd6Dqgx3xALbpQ==",
      "dev": true,
      "requires": {
        "@esbuild-kit/core-utils": "^2.1.0",
        "get-tsconfig": "^4.1.0"
      }
    },
    "@esbuild-kit/core-utils": {
      "version": "2.2.0",
      "resolved": "https://registry.npmjs.org/@esbuild-kit/core-utils/-/core-utils-2.2.0.tgz",
      "integrity": "sha512-RsVE6OT7yINJ27+daxemksMJFR+jdTEATivyomEXUxMsRmQMD1e99ogf1hifxVmdrnyLmvmfR4iAhXw/HMbRvQ==",
      "dev": true,
      "requires": {
        "esbuild": "~0.15.4",
        "source-map-support": "^0.5.21"
      }
    },
    "@esbuild-kit/esm-loader": {
      "version": "2.4.2",
      "resolved": "https://registry.npmjs.org/@esbuild-kit/esm-loader/-/esm-loader-2.4.2.tgz",
      "integrity": "sha512-N9dPKAj8WOx6djVnStgILWXip4fjDcBk9L7azO0/uQDpu8Ee0eaL78mkN4Acid9BzvNAKWwdYXFJZnsVahNEew==",
      "dev": true,
      "requires": {
        "@esbuild-kit/core-utils": "^2.1.0",
        "get-tsconfig": "^4.1.0"
      }
    },
    "buffer-from": {
      "version": "1.1.2",
      "resolved": "https://registry.npmjs.org/buffer-from/-/buffer-from-1.1.2.tgz",
      "integrity": "sha512-E+XQCRwSbaaiChtv6k6Dwgc+bx+Bs6vuKJHHl5kox/BaKbhiXzqQOwK4cO22yElGp2OCmjwVhT3HmxgyPGnJfQ==",
      "dev": true
    },
    "dotenv": {
      "version": "16.0.1",
      "resolved": "https://registry.npmjs.org/dotenv/-/dotenv-16.0.1.tgz",
      "integrity": "sha512-1K6hR6wtk2FviQ4kEiSjFiH5rpzEVi8WW0x96aztHVMhEspNpc4DVOUTEHtEva5VThQ8IaBX1Pe4gSzpVVUsKQ=="
    },
    "esbuild": {
      "version": "0.15.5",
      "resolved": "https://registry.npmjs.org/esbuild/-/esbuild-0.15.5.tgz",
      "integrity": "sha512-VSf6S1QVqvxfIsSKb3UKr3VhUCis7wgDbtF4Vd9z84UJr05/Sp2fRKmzC+CSPG/dNAPPJZ0BTBLTT1Fhd6N9Gg==",
      "dev": true,
      "requires": {
        "@esbuild/linux-loong64": "0.15.5",
        "esbuild-android-64": "0.15.5",
        "esbuild-android-arm64": "0.15.5",
        "esbuild-darwin-64": "0.15.5",
        "esbuild-darwin-arm64": "0.15.5",
        "esbuild-freebsd-64": "0.15.5",
        "esbuild-freebsd-arm64": "0.15.5",
        "esbuild-linux-32": "0.15.5",
        "esbuild-linux-64": "0.15.5",
        "esbuild-linux-arm": "0.15.5",
        "esbuild-linux-arm64": "0.15.5",
        "esbuild-linux-mips64le": "0.15.5",
        "esbuild-linux-ppc64le": "0.15.5",
        "esbuild-linux-riscv64": "0.15.5",
        "esbuild-linux-s390x": "0.15.5",
        "esbuild-netbsd-64": "0.15.5",
        "esbuild-openbsd-64": "0.15.5",
        "esbuild-sunos-64": "0.15.5",
        "esbuild-windows-32": "0.15.5",
        "esbuild-windows-64": "0.15.5",
        "esbuild-windows-arm64": "0.15.5"
      }
    },
    "esbuild-windows-64": {
      "version": "0.15.5",
      "resolved": "https://registry.npmjs.org/esbuild-windows-64/-/esbuild-windows-64-0.15.5.tgz",
      "integrity": "sha512-v+PjvNtSASHOjPDMIai9Yi+aP+Vwox+3WVdg2JB8N9aivJ7lyhp4NVU+J0MV2OkWFPnVO8AE/7xH+72ibUUEnw==",
      "dev": true,
      "optional": true
    },
    "get-tsconfig": {
      "version": "4.2.0",
      "resolved": "https://registry.npmjs.org/get-tsconfig/-/get-tsconfig-4.2.0.tgz",
      "integrity": "sha512-X8u8fREiYOE6S8hLbq99PeykTDoLVnxvF4DjWKJmz9xy2nNRdUcV8ZN9tniJFeKyTU3qnC9lL8n4Chd6LmVKHg==",
      "dev": true
    },
    "source-map": {
      "version": "0.6.1",
      "resolved": "https://registry.npmjs.org/source-map/-/source-map-0.6.1.tgz",
      "integrity": "sha512-UjgapumWlbMhkBgzT7Ykc5YXUT46F0iKu8SGXq0bcwP5dz/h0Plj6enJqjz1Zbq2l5WaqYnrVbwWOWMyF3F47g==",
      "dev": true
    },
    "source-map-support": {
      "version": "0.5.21",
      "resolved": "https://registry.npmjs.org/source-map-support/-/source-map-support-0.5.21.tgz",
      "integrity": "sha512-uBHU3L3czsIyYXKX88fdrGovxdSCoTGDRZ6SYXtSRxLZUzHg5P/66Ht6uoUlHu9EZod+inXhKo3qQgwXUT/y1w==",
      "dev": true,
      "requires": {
        "buffer-from": "^1.0.0",
        "source-map": "^0.6.0"
      }
    },
    "tsx": {
      "version": "3.8.2",
      "resolved": "https://registry.npmjs.org/tsx/-/tsx-3.8.2.tgz",
      "integrity": "sha512-Jf9izq3Youry5aEarspf6Gm+v/IE2A2xP7YVhtNH1VSCpM0jjACg7C3oD5rIoLBfXWGJSZj4KKC2bwE0TgLb2Q==",
      "dev": true,
      "requires": {
        "@esbuild-kit/cjs-loader": "^2.3.3",
        "@esbuild-kit/core-utils": "^2.1.0",
        "@esbuild-kit/esm-loader": "^2.4.2",
        "fsevents": "~2.3.2"
      }
    },
    "typescript": {
      "version": "4.7.4",
      "resolved": "https://registry.npmjs.org/typescript/-/typescript-4.7.4.tgz",
      "integrity": "sha512-C0WQT0gezHuw6AdY1M2jxUO83Rjf0HP7Sk1DtXj6j1EwkQNZrHAg2XPWlq62oqEhYvONq5pkC2Y9oPljWToLmQ==",
      "dev": true
    }
  }
}
